
Microsoft Visual Studio Solution File, Format Version 12.00
# Visual Studio Version 16
VisualStudioVersion = 16.0.31313.79
MinimumVisualStudioVersion = 10.0.40219.1
Project("{9A19103F-16F7-4668-BE54-9A1E7A4F7556}") = "BibliotecaClasses", "BibliotecaClasses\BibliotecaClasses.csproj", "{D297416D-1A6F-4370-A56B-7DAFAFB17B9F}"
EndProject
Project("{9A19103F-16F7-4668-BE54-9A1E7A4F7556}") = "ProjetoEscola", "ProjetoEscola\ProjetoEscola.csproj", "{75E43911-EA47-465D-937B-CFF5AB32CFA8}"
EndProject
Global
	GlobalSection(SolutionConfigurationPlatforms) = preSolution
		Debug|Any CPU = Debug|Any CPU
		Release|Any CPU = Release|Any CPU
	EndGlobalSection
	GlobalSection(ProjectConfigurationPlatforms) = postSolution
		{D297416D-1A6F-4370-A56B-7DAFAFB17B9F}.Debug|Any CPU.ActiveCfg = Debug|Any CPU
		{D297416D-1A6F-4370-A56B-7DAFAFB17B9F}.Debug|Any CPU.Build.0 = Debug|Any CPU
		{D297416D-1A6F-4370-A56B-7DAFAFB17B9F}.Release|Any CPU.ActiveCfg = Release|Any CPU
		{D297416D-1A6F-4370-A56B-7DAFAFB17B9F}.Release|Any CPU.Build.0 = Release|Any CPU
		{75E43911-EA47-465D-937B-CFF5AB32CFA8}.Debug|Any CPU.ActiveCfg = Debug|Any CPU
		{75E43911-EA47-465D-937B-CFF5AB32CFA8}.Debug|Any CPU.Build.0 = Debug|Any CPU
		{75E43911-EA47-465D-937B-CFF5AB32CFA8}.Release|Any CPU.ActiveCfg = Release|Any CPU
		{75E43911-EA47-465D-937B-CFF5AB32CFA8}.Release|Any CPU.Build.0 = Release|Any CPU
	EndGlobalSection
	GlobalSection(SolutionProperties) = preSolution
		HideSolutionNode = FALSE
	EndGlobalSection
	GlobalSection(ExtensibilityGlobals) = postSolution
		SolutionGuid = {A0ED624D-5C8B-4B7A-BEB5-64F4BAED2C8D}
	EndGlobalSection
EndGlobal
